
Microsoft Visual Studio Solution File, Format Version 12.00
# Visual Studio Version 17
VisualStudioVersion = 17.10.35013.160
MinimumVisualStudioVersion = 10.0.40219.1
Project("{9A19103F-16F7-4668-BE54-9A1E7A4F7556}") = "ConsoleApp5", "ConsoleApp5\ConsoleApp5.csproj", "{5F41665F-5EAE-4021-947D-8EA23B870CF6}"
EndProject
Project("{FAE04EC0-301F-11D3-BF4B-00C04F79EFBC}") = "WpfApp1", "WpfApp1\WpfApp1.csproj", "{9A24BE61-2BE9-428F-B02F-E121D1C8A0EC}"
EndProject
Global
	GlobalSection(SolutionConfigurationPlatforms) = preSolution
		Debug|Any CPU = Debug|Any CPU
		Release|Any CPU = Release|Any CPU
	EndGlobalSection
	GlobalSection(ProjectConfigurationPlatforms) = postSolution
		{5F41665F-5EAE-4021-947D-8EA23B870CF6}.Debug|Any CPU.ActiveCfg = Debug|Any CPU
		{5F41665F-5EAE-4021-947D-8EA23B870CF6}.Debug|Any CPU.Build.0 = Debug|Any CPU
		{5F41665F-5EAE-4021-947D-8EA23B870CF6}.Release|Any CPU.ActiveCfg = Release|Any CPU
		{5F41665F-5EAE-4021-947D-8EA23B870CF6}.Release|Any CPU.Build.0 = Release|Any CPU
		{9A24BE61-2BE9-428F-B02F-E121D1C8A0EC}.Debug|Any CPU.ActiveCfg = Debug|Any CPU
		{9A24BE61-2BE9-428F-B02F-E121D1C8A0EC}.Debug|Any CPU.Build.0 = Debug|Any CPU
		{9A24BE61-2BE9-428F-B02F-E121D1C8A0EC}.Release|Any CPU.ActiveCfg = Release|Any CPU
		{9A24BE61-2BE9-428F-B02F-E121D1C8A0EC}.Release|Any CPU.Build.0 = Release|Any CPU
	EndGlobalSection
	GlobalSection(SolutionProperties) = preSolution
		HideSolutionNode = FALSE
	EndGlobalSection
	GlobalSection(ExtensibilityGlobals) = postSolution
		SolutionGuid = {D5F0FFDF-939A-470D-872A-3F780105278B}
	EndGlobalSection
EndGlobal
